
Microsoft Visual Studio Solution File, Format Version 12.00
# Visual Studio Version 17
VisualStudioVersion = 17.8.34330.188
MinimumVisualStudioVersion = 10.0.40219.1
Project("{9A19103F-16F7-4668-BE54-9A1E7A4F7556}") = "CS000_TA", "CS000_TA\CS000_TA.csproj", "{1542276F-C87D-47D7-A52C-5DC003B33FAB}"
EndProject
Project("{9A19103F-16F7-4668-BE54-9A1E7A4F7556}") = "CS101_Interface", "CS101_Interface\CS101_Interface.csproj", "{FA318CF7-5DD1-4C1A-98EC-AAAD9917A64F}"
EndProject
Project("{9A19103F-16F7-4668-BE54-9A1E7A4F7556}") = "CS102_Generic", "CS102_Generic\CS102_Generic.csproj", "{0CE67490-5178-457C-A0DF-7A1A12382C01}"
EndProject
Project("{9A19103F-16F7-4668-BE54-9A1E7A4F7556}") = "CS103_Delegate", "CS103_Delegate\CS103_Delegate.csproj", "{2880299E-979C-42DC-9E62-F9F0ED095813}"
EndProject
Project("{9A19103F-16F7-4668-BE54-9A1E7A4F7556}") = "CS104_Attribute", "CS104_Attribute\CS104_Attribute.csproj", "{40BC9442-6BD3-438A-AC61-9D0B53CB808F}"
EndProject
Project("{9A19103F-16F7-4668-BE54-9A1E7A4F7556}") = "CS105_Reflection", "CS105_Reflection\CS105_Reflection.csproj", "{5A95A5A5-E2E4-4FE3-B354-1D9ED34675FB}"
EndProject
Project("{9A19103F-16F7-4668-BE54-9A1E7A4F7556}") = "CS201_SortingAlgorithm", "CS201_SortingAlgorithm\CS201_SortingAlgorithm.csproj", "{115CD7FA-BAF1-486D-A932-12EFE8B13A08}"
EndProject
Project("{9A19103F-16F7-4668-BE54-9A1E7A4F7556}") = "CS001_HelloWorld", "CS001_HelloWorld\CS001_HelloWorld.csproj", "{F9CFC714-4DD6-4CD0-B2BD-5B94909F0C18}"
EndProject
Project("{9A19103F-16F7-4668-BE54-9A1E7A4F7556}") = "CS002_ValueTypes", "CS002_ValueTypes\CS002_ValueTypes.csproj", "{5B0AD481-C020-4E34-A38D-2216BCDF2B0D}"
EndProject
Project("{9A19103F-16F7-4668-BE54-9A1E7A4F7556}") = "CS003_Operators", "CS003_Operators\CS003_Operators.csproj", "{51FAB1BA-0F9E-4D33-BD5F-901C9F036348}"
EndProject
Project("{9A19103F-16F7-4668-BE54-9A1E7A4F7556}") = "CS005_Collections", "CS005_Collections\CS005_Collections.csproj", "{E0751ECE-2FE6-4FAF-B658-1D7357AE91BD}"
EndProject
Project("{9A19103F-16F7-4668-BE54-9A1E7A4F7556}") = "CS004_Arrays", "CS004_Arrays\CS004_Arrays.csproj", "{F9027EF3-5A4F-4C14-88BE-52158C8BB811}"
EndProject
Project("{9A19103F-16F7-4668-BE54-9A1E7A4F7556}") = "CS006_Methods", "CS006_Methods\CS006_Methods.csproj", "{DFC8A54F-2812-4740-9022-24ABBA470128}"
EndProject
Project("{9A19103F-16F7-4668-BE54-9A1E7A4F7556}") = "CS007_Classes", "CS007_Classes\CS007_Classes.csproj", "{D283C1CB-CAEE-49A2-BD55-A4085341EFFA}"
EndProject
Project("{9A19103F-16F7-4668-BE54-9A1E7A4F7556}") = "CS008_Objects", "CS008_Objects\CS008_Objects.csproj", "{82155BA0-DE5F-4D73-9368-35423CBF3C71}"
EndProject
Project("{9A19103F-16F7-4668-BE54-9A1E7A4F7556}") = "CS010_SystemIO", "CS010_SystemIO\CS010_SystemIO.csproj", "{E88D5875-7186-4D60-ACC5-814FD80AED8A}"
EndProject
Project("{9A19103F-16F7-4668-BE54-9A1E7A4F7556}") = "CS009_Strings", "CS009_Strings\CS009_Strings.csproj", "{664274DD-07FA-4096-939C-264EF987D69F}"
EndProject
Global
	GlobalSection(SolutionConfigurationPlatforms) = preSolution
		Debug|Any CPU = Debug|Any CPU
		Release|Any CPU = Release|Any CPU
	EndGlobalSection
	GlobalSection(ProjectConfigurationPlatforms) = postSolution
		{1542276F-C87D-47D7-A52C-5DC003B33FAB}.Debug|Any CPU.ActiveCfg = Debug|Any CPU
		{1542276F-C87D-47D7-A52C-5DC003B33FAB}.Debug|Any CPU.Build.0 = Debug|Any CPU
		{1542276F-C87D-47D7-A52C-5DC003B33FAB}.Release|Any CPU.ActiveCfg = Release|Any CPU
		{1542276F-C87D-47D7-A52C-5DC003B33FAB}.Release|Any CPU.Build.0 = Release|Any CPU
		{FA318CF7-5DD1-4C1A-98EC-AAAD9917A64F}.Debug|Any CPU.ActiveCfg = Debug|Any CPU
		{FA318CF7-5DD1-4C1A-98EC-AAAD9917A64F}.Debug|Any CPU.Build.0 = Debug|Any CPU
		{FA318CF7-5DD1-4C1A-98EC-AAAD9917A64F}.Release|Any CPU.ActiveCfg = Release|Any CPU
		{FA318CF7-5DD1-4C1A-98EC-AAAD9917A64F}.Release|Any CPU.Build.0 = Release|Any CPU
		{0CE67490-5178-457C-A0DF-7A1A12382C01}.Debug|Any CPU.ActiveCfg = Debug|Any CPU
		{0CE67490-5178-457C-A0DF-7A1A12382C01}.Debug|Any CPU.Build.0 = Debug|Any CPU
		{0CE67490-5178-457C-A0DF-7A1A12382C01}.Release|Any CPU.ActiveCfg = Release|Any CPU
		{0CE67490-5178-457C-A0DF-7A1A12382C01}.Release|Any CPU.Build.0 = Release|Any CPU
		{2880299E-979C-42DC-9E62-F9F0ED095813}.Debug|Any CPU.ActiveCfg = Debug|Any CPU
		{2880299E-979C-42DC-9E62-F9F0ED095813}.Debug|Any CPU.Build.0 = Debug|Any CPU
		{2880299E-979C-42DC-9E62-F9F0ED095813}.Release|Any CPU.ActiveCfg = Release|Any CPU
		{2880299E-979C-42DC-9E62-F9F0ED095813}.Release|Any CPU.Build.0 = Release|Any CPU
		{40BC9442-6BD3-438A-AC61-9D0B53CB808F}.Debug|Any CPU.ActiveCfg = Debug|Any CPU
		{40BC9442-6BD3-438A-AC61-9D0B53CB808F}.Debug|Any CPU.Build.0 = Debug|Any CPU
		{40BC9442-6BD3-438A-AC61-9D0B53CB808F}.Release|Any CPU.ActiveCfg = Release|Any CPU
		{40BC9442-6BD3-438A-AC61-9D0B53CB808F}.Release|Any CPU.Build.0 = Release|Any CPU
		{5A95A5A5-E2E4-4FE3-B354-1D9ED34675FB}.Debug|Any CPU.ActiveCfg = Debug|Any CPU
		{5A95A5A5-E2E4-4FE3-B354-1D9ED34675FB}.Debug|Any CPU.Build.0 = Debug|Any CPU
		{5A95A5A5-E2E4-4FE3-B354-1D9ED34675FB}.Release|Any CPU.ActiveCfg = Release|Any CPU
		{5A95A5A5-E2E4-4FE3-B354-1D9ED34675FB}.Release|Any CPU.Build.0 = Release|Any CPU
		{115CD7FA-BAF1-486D-A932-12EFE8B13A08}.Debug|Any CPU.ActiveCfg = Debug|Any CPU
		{115CD7FA-BAF1-486D-A932-12EFE8B13A08}.Debug|Any CPU.Build.0 = Debug|Any CPU
		{115CD7FA-BAF1-486D-A932-12EFE8B13A08}.Release|Any CPU.ActiveCfg = Release|Any CPU
		{115CD7FA-BAF1-486D-A932-12EFE8B13A08}.Release|Any CPU.Build.0 = Release|Any CPU
		{F9CFC714-4DD6-4CD0-B2BD-5B94909F0C18}.Debug|Any CPU.ActiveCfg = Debug|Any CPU
		{F9CFC714-4DD6-4CD0-B2BD-5B94909F0C18}.Debug|Any CPU.Build.0 = Debug|Any CPU
		{F9CFC714-4DD6-4CD0-B2BD-5B94909F0C18}.Release|Any CPU.ActiveCfg = Release|Any CPU
		{F9CFC714-4DD6-4CD0-B2BD-5B94909F0C18}.Release|Any CPU.Build.0 = Release|Any CPU
		{5B0AD481-C020-4E34-A38D-2216BCDF2B0D}.Debug|Any CPU.ActiveCfg = Debug|Any CPU
		{5B0AD481-C020-4E34-A38D-2216BCDF2B0D}.Debug|Any CPU.Build.0 = Debug|Any CPU
		{5B0AD481-C020-4E34-A38D-2216BCDF2B0D}.Release|Any CPU.ActiveCfg = Release|Any CPU
		{5B0AD481-C020-4E34-A38D-2216BCDF2B0D}.Release|Any CPU.Build.0 = Release|Any CPU
		{51FAB1BA-0F9E-4D33-BD5F-901C9F036348}.Debug|Any CPU.ActiveCfg = Debug|Any CPU
		{51FAB1BA-0F9E-4D33-BD5F-901C9F036348}.Debug|Any CPU.Build.0 = Debug|Any CPU
		{51FAB1BA-0F9E-4D33-BD5F-901C9F036348}.Release|Any CPU.ActiveCfg = Release|Any CPU
		{51FAB1BA-0F9E-4D33-BD5F-901C9F036348}.Release|Any CPU.Build.0 = Release|Any CPU
		{E0751ECE-2FE6-4FAF-B658-1D7357AE91BD}.Debug|Any CPU.ActiveCfg = Debug|Any CPU
		{E0751ECE-2FE6-4FAF-B658-1D7357AE91BD}.Debug|Any CPU.Build.0 = Debug|Any CPU
		{E0751ECE-2FE6-4FAF-B658-1D7357AE91BD}.Release|Any CPU.ActiveCfg = Release|Any CPU
		{E0751ECE-2FE6-4FAF-B658-1D7357AE91BD}.Release|Any CPU.Build.0 = Release|Any CPU
		{F9027EF3-5A4F-4C14-88BE-52158C8BB811}.Debug|Any CPU.ActiveCfg = Debug|Any CPU
		{F9027EF3-5A4F-4C14-88BE-52158C8BB811}.Debug|Any CPU.Build.0 = Debug|Any CPU
		{F9027EF3-5A4F-4C14-88BE-52158C8BB811}.Release|Any CPU.ActiveCfg = Release|Any CPU
		{F9027EF3-5A4F-4C14-88BE-52158C8BB811}.Release|Any CPU.Build.0 = Release|Any CPU
		{DFC8A54F-2812-4740-9022-24ABBA470128}.Debug|Any CPU.ActiveCfg = Debug|Any CPU
		{DFC8A54F-2812-4740-9022-24ABBA470128}.Debug|Any CPU.Build.0 = Debug|Any CPU
		{DFC8A54F-2812-4740-9022-24ABBA470128}.Release|Any CPU.ActiveCfg = Release|Any CPU
		{DFC8A54F-2812-4740-9022-24ABBA470128}.Release|Any CPU.Build.0 = Release|Any CPU
		{D283C1CB-CAEE-49A2-BD55-A4085341EFFA}.Debug|Any CPU.ActiveCfg = Debug|Any CPU
		{D283C1CB-CAEE-49A2-BD55-A4085341EFFA}.Debug|Any CPU.Build.0 = Debug|Any CPU
		{D283C1CB-CAEE-49A2-BD55-A4085341EFFA}.Release|Any CPU.ActiveCfg = Release|Any CPU
		{D283C1CB-CAEE-49A2-BD55-A4085341EFFA}.Release|Any CPU.Build.0 = Release|Any CPU
		{82155BA0-DE5F-4D73-9368-35423CBF3C71}.Debug|Any CPU.ActiveCfg = Debug|Any CPU
		{82155BA0-DE5F-4D73-9368-35423CBF3C71}.Debug|Any CPU.Build.0 = Debug|Any CPU
		{82155BA0-DE5F-4D73-9368-35423CBF3C71}.Release|Any CPU.ActiveCfg = Release|Any CPU
		{82155BA0-DE5F-4D73-9368-35423CBF3C71}.Release|Any CPU.Build.0 = Release|Any CPU
		{E88D5875-7186-4D60-ACC5-814FD80AED8A}.Debug|Any CPU.ActiveCfg = Debug|Any CPU
		{E88D5875-7186-4D60-ACC5-814FD80AED8A}.Debug|Any CPU.Build.0 = Debug|Any CPU
		{E88D5875-7186-4D60-ACC5-814FD80AED8A}.Release|Any CPU.ActiveCfg = Release|Any CPU
		{E88D5875-7186-4D60-ACC5-814FD80AED8A}.Release|Any CPU.Build.0 = Release|Any CPU
		{664274DD-07FA-4096-939C-264EF987D69F}.Debug|Any CPU.ActiveCfg = Debug|Any CPU
		{664274DD-07FA-4096-939C-264EF987D69F}.Debug|Any CPU.Build.0 = Debug|Any CPU
		{664274DD-07FA-4096-939C-264EF987D69F}.Release|Any CPU.ActiveCfg = Release|Any CPU
		{664274DD-07FA-4096-939C-264EF987D69F}.Release|Any CPU.Build.0 = Release|Any CPU
	EndGlobalSection
	GlobalSection(SolutionProperties) = preSolution
		HideSolutionNode = FALSE
	EndGlobalSection
	GlobalSection(ExtensibilityGlobals) = postSolution
		SolutionGuid = {8E1AF530-BD3B-4086-9A36-44998A4DAD59}
	EndGlobalSection
EndGlobal
